
Microsoft Visual Studio Solution File, Format Version 12.00
Project("{2150E333-8FDC-42A3-9474-1A3956D46DE8}") = "Server", "Server", "{75AE2827-51C2-4B8B-81FC-97C5A04F119D}"
EndProject
Project("{FAE04EC0-301F-11D3-BF4B-00C04F79EFBC}") = "RepositoryContracts", "Server\RepositoryContracts\RepositoryContracts.csproj", "{C00AE5C0-0E6D-4316-9496-047D3ECD6DD5}"
EndProject
Project("{FAE04EC0-301F-11D3-BF4B-00C04F79EFBC}") = "InMemoryRepositories", "Server\InMemoryRepositories\InMemoryRepositories.csproj", "{0DFF1531-F9EB-4F50-81D5-4F18D6C92BBD}"
EndProject
Project("{FAE04EC0-301F-11D3-BF4B-00C04F79EFBC}") = "Entity", "Server\Entity\Entity.csproj", "{44558C3B-C9D9-4D08-BBBE-462C6541FDE8}"
EndProject
Project("{FAE04EC0-301F-11D3-BF4B-00C04F79EFBC}") = "CLI", "Server\CLI\CLI.csproj", "{337AE0C2-636F-415C-871D-5576589F5915}"
EndProject
Project("{FAE04EC0-301F-11D3-BF4B-00C04F79EFBC}") = "FileRepositories", "Server\FileRepositories\FileRepositories.csproj", "{A5FF070B-3F06-486A-A3E1-B476891DE8C7}"
EndProject
Project("{2150E333-8FDC-42A3-9474-1A3956D46DE8}") = "Shared", "Shared", "{F3F419FD-F16C-4BC2-8227-5B45A666BAC2}"
EndProject
Project("{FAE04EC0-301F-11D3-BF4B-00C04F79EFBC}") = "ApiContracts", "Shared\ApiContracts\ApiContracts.csproj", "{F7BD4488-9F7A-4E0A-85E7-0A322C016B4B}"
EndProject
Project("{FAE04EC0-301F-11D3-BF4B-00C04F79EFBC}") = "WebAPI", "Server\WebAPI\WebAPI.csproj", "{8ABF95B5-CA7E-43F4-85F3-A362448AD5D9}"
EndProject
Project("{2150E333-8FDC-42A3-9474-1A3956D46DE8}") = "Client", "Client", "{CA59D83F-71D0-4C67-BCA4-63DCE5677644}"
EndProject
Project("{FAE04EC0-301F-11D3-BF4B-00C04F79EFBC}") = "BlazorApp", "Client\BlazorApp\BlazorApp.csproj", "{C1EAE432-E81D-4B55-994B-D0C38D948D31}"
EndProject
Project("{FAE04EC0-301F-11D3-BF4B-00C04F79EFBC}") = "EfcRepositories", "Server\EfcRepositories\EfcRepositories.csproj", "{EAB196BF-FB1D-4707-B334-B0D2204B9BBB}"
EndProject
Global
	GlobalSection(SolutionConfigurationPlatforms) = preSolution
		Debug|Any CPU = Debug|Any CPU
		Release|Any CPU = Release|Any CPU
	EndGlobalSection
	GlobalSection(NestedProjects) = preSolution
		{C00AE5C0-0E6D-4316-9496-047D3ECD6DD5} = {75AE2827-51C2-4B8B-81FC-97C5A04F119D}
		{0DFF1531-F9EB-4F50-81D5-4F18D6C92BBD} = {75AE2827-51C2-4B8B-81FC-97C5A04F119D}
		{44558C3B-C9D9-4D08-BBBE-462C6541FDE8} = {75AE2827-51C2-4B8B-81FC-97C5A04F119D}
		{337AE0C2-636F-415C-871D-5576589F5915} = {75AE2827-51C2-4B8B-81FC-97C5A04F119D}
		{A5FF070B-3F06-486A-A3E1-B476891DE8C7} = {75AE2827-51C2-4B8B-81FC-97C5A04F119D}
		{F7BD4488-9F7A-4E0A-85E7-0A322C016B4B} = {F3F419FD-F16C-4BC2-8227-5B45A666BAC2}
		{8ABF95B5-CA7E-43F4-85F3-A362448AD5D9} = {75AE2827-51C2-4B8B-81FC-97C5A04F119D}
		{C1EAE432-E81D-4B55-994B-D0C38D948D31} = {CA59D83F-71D0-4C67-BCA4-63DCE5677644}
		{EAB196BF-FB1D-4707-B334-B0D2204B9BBB} = {75AE2827-51C2-4B8B-81FC-97C5A04F119D}
	EndGlobalSection
	GlobalSection(ProjectConfigurationPlatforms) = postSolution
		{C00AE5C0-0E6D-4316-9496-047D3ECD6DD5}.Debug|Any CPU.ActiveCfg = Debug|Any CPU
		{C00AE5C0-0E6D-4316-9496-047D3ECD6DD5}.Debug|Any CPU.Build.0 = Debug|Any CPU
		{C00AE5C0-0E6D-4316-9496-047D3ECD6DD5}.Release|Any CPU.ActiveCfg = Release|Any CPU
		{C00AE5C0-0E6D-4316-9496-047D3ECD6DD5}.Release|Any CPU.Build.0 = Release|Any CPU
		{0DFF1531-F9EB-4F50-81D5-4F18D6C92BBD}.Debug|Any CPU.ActiveCfg = Debug|Any CPU
		{0DFF1531-F9EB-4F50-81D5-4F18D6C92BBD}.Debug|Any CPU.Build.0 = Debug|Any CPU
		{0DFF1531-F9EB-4F50-81D5-4F18D6C92BBD}.Release|Any CPU.ActiveCfg = Release|Any CPU
		{0DFF1531-F9EB-4F50-81D5-4F18D6C92BBD}.Release|Any CPU.Build.0 = Release|Any CPU
		{44558C3B-C9D9-4D08-BBBE-462C6541FDE8}.Debug|Any CPU.ActiveCfg = Debug|Any CPU
		{44558C3B-C9D9-4D08-BBBE-462C6541FDE8}.Debug|Any CPU.Build.0 = Debug|Any CPU
		{44558C3B-C9D9-4D08-BBBE-462C6541FDE8}.Release|Any CPU.ActiveCfg = Release|Any CPU
		{44558C3B-C9D9-4D08-BBBE-462C6541FDE8}.Release|Any CPU.Build.0 = Release|Any CPU
		{337AE0C2-636F-415C-871D-5576589F5915}.Debug|Any CPU.ActiveCfg = Debug|Any CPU
		{337AE0C2-636F-415C-871D-5576589F5915}.Debug|Any CPU.Build.0 = Debug|Any CPU
		{337AE0C2-636F-415C-871D-5576589F5915}.Release|Any CPU.ActiveCfg = Release|Any CPU
		{337AE0C2-636F-415C-871D-5576589F5915}.Release|Any CPU.Build.0 = Release|Any CPU
		{A5FF070B-3F06-486A-A3E1-B476891DE8C7}.Debug|Any CPU.ActiveCfg = Debug|Any CPU
		{A5FF070B-3F06-486A-A3E1-B476891DE8C7}.Debug|Any CPU.Build.0 = Debug|Any CPU
		{A5FF070B-3F06-486A-A3E1-B476891DE8C7}.Release|Any CPU.ActiveCfg = Release|Any CPU
		{A5FF070B-3F06-486A-A3E1-B476891DE8C7}.Release|Any CPU.Build.0 = Release|Any CPU
		{F7BD4488-9F7A-4E0A-85E7-0A322C016B4B}.Debug|Any CPU.ActiveCfg = Debug|Any CPU
		{F7BD4488-9F7A-4E0A-85E7-0A322C016B4B}.Debug|Any CPU.Build.0 = Debug|Any CPU
		{F7BD4488-9F7A-4E0A-85E7-0A322C016B4B}.Release|Any CPU.ActiveCfg = Release|Any CPU
		{F7BD4488-9F7A-4E0A-85E7-0A322C016B4B}.Release|Any CPU.Build.0 = Release|Any CPU
		{8ABF95B5-CA7E-43F4-85F3-A362448AD5D9}.Debug|Any CPU.ActiveCfg = Debug|Any CPU
		{8ABF95B5-CA7E-43F4-85F3-A362448AD5D9}.Debug|Any CPU.Build.0 = Debug|Any CPU
		{8ABF95B5-CA7E-43F4-85F3-A362448AD5D9}.Release|Any CPU.ActiveCfg = Release|Any CPU
		{8ABF95B5-CA7E-43F4-85F3-A362448AD5D9}.Release|Any CPU.Build.0 = Release|Any CPU
		{C1EAE432-E81D-4B55-994B-D0C38D948D31}.Debug|Any CPU.ActiveCfg = Debug|Any CPU
		{C1EAE432-E81D-4B55-994B-D0C38D948D31}.Debug|Any CPU.Build.0 = Debug|Any CPU
		{C1EAE432-E81D-4B55-994B-D0C38D948D31}.Release|Any CPU.ActiveCfg = Release|Any CPU
		{C1EAE432-E81D-4B55-994B-D0C38D948D31}.Release|Any CPU.Build.0 = Release|Any CPU
		{EAB196BF-FB1D-4707-B334-B0D2204B9BBB}.Debug|Any CPU.ActiveCfg = Debug|Any CPU
		{EAB196BF-FB1D-4707-B334-B0D2204B9BBB}.Debug|Any CPU.Build.0 = Debug|Any CPU
		{EAB196BF-FB1D-4707-B334-B0D2204B9BBB}.Release|Any CPU.ActiveCfg = Release|Any CPU
		{EAB196BF-FB1D-4707-B334-B0D2204B9BBB}.Release|Any CPU.Build.0 = Release|Any CPU
	EndGlobalSection
EndGlobal
